
Microsoft Visual Studio Solution File, Format Version 12.00
# Visual Studio Version 17
VisualStudioVersion = 17.0.31903.59
MinimumVisualStudioVersion = 10.0.40219.1
Project("{2150E333-8FDC-42A3-9474-1A3956D46DE8}") = "src", "src", "{827E0CD3-B72D-47B6-A68D-7590B98EB39B}"
EndProject
Project("{FAE04EC0-301F-11D3-BF4B-00C04F79EFBC}") = "PizzaStore.Domain", "src\PizzaStore.Domain\PizzaStore.Domain.csproj", "{49A2D8C5-E126-44DD-8ABB-9BE157C414A0}"
EndProject
Project("{FAE04EC0-301F-11D3-BF4B-00C04F79EFBC}") = "PizzaStore.Application", "src\PizzaStore.Application\PizzaStore.Application.csproj", "{7E077EF6-30B6-47A8-98DA-57EE6B7F1707}"
EndProject
Project("{FAE04EC0-301F-11D3-BF4B-00C04F79EFBC}") = "PizzaStore.API", "src\PizzaStore.API\PizzaStore.API.csproj", "{C06B30D9-DDE9-4AD6-8F57-F7583F5BCAF1}"
EndProject
Project("{2150E333-8FDC-42A3-9474-1A3956D46DE8}") = "tests", "tests", "{0AB3BF05-4346-4AA6-1389-037BE0695223}"
EndProject
Project("{FAE04EC0-301F-11D3-BF4B-00C04F79EFBC}") = "PizzaStore.Core.Auth", "src\PizzaStore.Core.Auth\PizzaStore.Core.Auth.csproj", "{A0B5366B-8F6B-4C0F-BC2A-3C6817E6B62A}"
EndProject
Project("{FAE04EC0-301F-11D3-BF4B-00C04F79EFBC}") = "PizzaStore.Core.CrossCuttingConcerns", "src\PizzaStore.Core.CrossCuttingConcerns\PizzaStore.Core.CrossCuttingConcerns.csproj", "{95A55725-97F0-43DA-8341-0C5E5AEFC7EF}"
EndProject
Project("{FAE04EC0-301F-11D3-BF4B-00C04F79EFBC}") = "PizzaStore.Infrastructure.Persistence", "src\PizzaStore.Infrastructure.Persistence\PizzaStore.Infrastructure.Persistence.csproj", "{237AAA4C-F276-4465-99C2-5BDF86C0782A}"
EndProject
Project("{FAE04EC0-301F-11D3-BF4B-00C04F79EFBC}") = "PizzaStore.API.Tests", "tests\PizzaStore.API.Tests\PizzaStore.API.Tests.csproj", "{F935A89C-D26F-4615-AE2E-DA16F2CD8F07}"
EndProject
Project("{FAE04EC0-301F-11D3-BF4B-00C04F79EFBC}") = "PizzaStore.Application.Tests", "tests\PizzaStore.Application.Tests\PizzaStore.Application.Tests.csproj", "{05CD3B0B-383C-447A-906B-80EF199B07C9}"
EndProject
Project("{FAE04EC0-301F-11D3-BF4B-00C04F79EFBC}") = "PizzaStore.Domain.Tests", "tests\PizzaStore.Domain.Tests\PizzaStore.Domain.Tests.csproj", "{1208F82B-E213-4E17-9ADC-B51A47E0BA65}"
EndProject
Project("{FAE04EC0-301F-11D3-BF4B-00C04F79EFBC}") = "PizzaStore.Infrastructure.Persistence.Tests", "tests\PizzaStore.Infrastructure.Persistence.Tests\PizzaStore.Infrastructure.Persistence.Tests.csproj", "{F1E93C23-512B-4272-B70A-9DE2D1383043}"
EndProject
Project("{FAE04EC0-301F-11D3-BF4B-00C04F79EFBC}") = "PizzaStore.Core.Auth.Tests", "tests\PizzaStore.Core.Auth.Tests\PizzaStore.Core.Auth.Tests.csproj", "{831C3B35-5589-433E-B0CC-DB84C20E4A91}"
EndProject
Project("{FAE04EC0-301F-11D3-BF4B-00C04F79EFBC}") = "PizzaStore.Core.CrossCuttingConcerns.Tests", "tests\PizzaStore.Core.CrossCuttingConcerns.Tests\PizzaStore.Core.CrossCuttingConcerns.Tests.csproj", "{3198CDEF-8111-4618-BDE4-E70A54012793}"
EndProject
Global
	GlobalSection(SolutionConfigurationPlatforms) = preSolution
		Debug|Any CPU = Debug|Any CPU
		Debug|x64 = Debug|x64
		Debug|x86 = Debug|x86
		Release|Any CPU = Release|Any CPU
		Release|x64 = Release|x64
		Release|x86 = Release|x86
	EndGlobalSection
	GlobalSection(ProjectConfigurationPlatforms) = postSolution
		{49A2D8C5-E126-44DD-8ABB-9BE157C414A0}.Debug|Any CPU.ActiveCfg = Debug|Any CPU
		{49A2D8C5-E126-44DD-8ABB-9BE157C414A0}.Debug|Any CPU.Build.0 = Debug|Any CPU
		{49A2D8C5-E126-44DD-8ABB-9BE157C414A0}.Debug|x64.ActiveCfg = Debug|Any CPU
		{49A2D8C5-E126-44DD-8ABB-9BE157C414A0}.Debug|x64.Build.0 = Debug|Any CPU
		{49A2D8C5-E126-44DD-8ABB-9BE157C414A0}.Debug|x86.ActiveCfg = Debug|Any CPU
		{49A2D8C5-E126-44DD-8ABB-9BE157C414A0}.Debug|x86.Build.0 = Debug|Any CPU
		{49A2D8C5-E126-44DD-8ABB-9BE157C414A0}.Release|Any CPU.ActiveCfg = Release|Any CPU
		{49A2D8C5-E126-44DD-8ABB-9BE157C414A0}.Release|Any CPU.Build.0 = Release|Any CPU
		{49A2D8C5-E126-44DD-8ABB-9BE157C414A0}.Release|x64.ActiveCfg = Release|Any CPU
		{49A2D8C5-E126-44DD-8ABB-9BE157C414A0}.Release|x64.Build.0 = Release|Any CPU
		{49A2D8C5-E126-44DD-8ABB-9BE157C414A0}.Release|x86.ActiveCfg = Release|Any CPU
		{49A2D8C5-E126-44DD-8ABB-9BE157C414A0}.Release|x86.Build.0 = Release|Any CPU
		{7E077EF6-30B6-47A8-98DA-57EE6B7F1707}.Debug|Any CPU.ActiveCfg = Debug|Any CPU
		{7E077EF6-30B6-47A8-98DA-57EE6B7F1707}.Debug|Any CPU.Build.0 = Debug|Any CPU
		{7E077EF6-30B6-47A8-98DA-57EE6B7F1707}.Debug|x64.ActiveCfg = Debug|Any CPU
		{7E077EF6-30B6-47A8-98DA-57EE6B7F1707}.Debug|x64.Build.0 = Debug|Any CPU
		{7E077EF6-30B6-47A8-98DA-57EE6B7F1707}.Debug|x86.ActiveCfg = Debug|Any CPU
		{7E077EF6-30B6-47A8-98DA-57EE6B7F1707}.Debug|x86.Build.0 = Debug|Any CPU
		{7E077EF6-30B6-47A8-98DA-57EE6B7F1707}.Release|Any CPU.ActiveCfg = Release|Any CPU
		{7E077EF6-30B6-47A8-98DA-57EE6B7F1707}.Release|Any CPU.Build.0 = Release|Any CPU
		{7E077EF6-30B6-47A8-98DA-57EE6B7F1707}.Release|x64.ActiveCfg = Release|Any CPU
		{7E077EF6-30B6-47A8-98DA-57EE6B7F1707}.Release|x64.Build.0 = Release|Any CPU
		{7E077EF6-30B6-47A8-98DA-57EE6B7F1707}.Release|x86.ActiveCfg = Release|Any CPU
		{7E077EF6-30B6-47A8-98DA-57EE6B7F1707}.Release|x86.Build.0 = Release|Any CPU
		{C06B30D9-DDE9-4AD6-8F57-F7583F5BCAF1}.Debug|Any CPU.ActiveCfg = Debug|Any CPU
		{C06B30D9-DDE9-4AD6-8F57-F7583F5BCAF1}.Debug|Any CPU.Build.0 = Debug|Any CPU
		{C06B30D9-DDE9-4AD6-8F57-F7583F5BCAF1}.Debug|x64.ActiveCfg = Debug|Any CPU
		{C06B30D9-DDE9-4AD6-8F57-F7583F5BCAF1}.Debug|x64.Build.0 = Debug|Any CPU
		{C06B30D9-DDE9-4AD6-8F57-F7583F5BCAF1}.Debug|x86.ActiveCfg = Debug|Any CPU
		{C06B30D9-DDE9-4AD6-8F57-F7583F5BCAF1}.Debug|x86.Build.0 = Debug|Any CPU
		{C06B30D9-DDE9-4AD6-8F57-F7583F5BCAF1}.Release|Any CPU.ActiveCfg = Release|Any CPU
		{C06B30D9-DDE9-4AD6-8F57-F7583F5BCAF1}.Release|Any CPU.Build.0 = Release|Any CPU
		{C06B30D9-DDE9-4AD6-8F57-F7583F5BCAF1}.Release|x64.ActiveCfg = Release|Any CPU
		{C06B30D9-DDE9-4AD6-8F57-F7583F5BCAF1}.Release|x64.Build.0 = Release|Any CPU
		{C06B30D9-DDE9-4AD6-8F57-F7583F5BCAF1}.Release|x86.ActiveCfg = Release|Any CPU
		{C06B30D9-DDE9-4AD6-8F57-F7583F5BCAF1}.Release|x86.Build.0 = Release|Any CPU
		{A0B5366B-8F6B-4C0F-BC2A-3C6817E6B62A}.Debug|Any CPU.ActiveCfg = Debug|Any CPU
		{A0B5366B-8F6B-4C0F-BC2A-3C6817E6B62A}.Debug|Any CPU.Build.0 = Debug|Any CPU
		{A0B5366B-8F6B-4C0F-BC2A-3C6817E6B62A}.Debug|x64.ActiveCfg = Debug|Any CPU
		{A0B5366B-8F6B-4C0F-BC2A-3C6817E6B62A}.Debug|x64.Build.0 = Debug|Any CPU
		{A0B5366B-8F6B-4C0F-BC2A-3C6817E6B62A}.Debug|x86.ActiveCfg = Debug|Any CPU
		{A0B5366B-8F6B-4C0F-BC2A-3C6817E6B62A}.Debug|x86.Build.0 = Debug|Any CPU
		{A0B5366B-8F6B-4C0F-BC2A-3C6817E6B62A}.Release|Any CPU.ActiveCfg = Release|Any CPU
		{A0B5366B-8F6B-4C0F-BC2A-3C6817E6B62A}.Release|Any CPU.Build.0 = Release|Any CPU
		{A0B5366B-8F6B-4C0F-BC2A-3C6817E6B62A}.Release|x64.ActiveCfg = Release|Any CPU
		{A0B5366B-8F6B-4C0F-BC2A-3C6817E6B62A}.Release|x64.Build.0 = Release|Any CPU
		{A0B5366B-8F6B-4C0F-BC2A-3C6817E6B62A}.Release|x86.ActiveCfg = Release|Any CPU
		{A0B5366B-8F6B-4C0F-BC2A-3C6817E6B62A}.Release|x86.Build.0 = Release|Any CPU
		{95A55725-97F0-43DA-8341-0C5E5AEFC7EF}.Debug|Any CPU.ActiveCfg = Debug|Any CPU
		{95A55725-97F0-43DA-8341-0C5E5AEFC7EF}.Debug|Any CPU.Build.0 = Debug|Any CPU
		{95A55725-97F0-43DA-8341-0C5E5AEFC7EF}.Debug|x64.ActiveCfg = Debug|Any CPU
		{95A55725-97F0-43DA-8341-0C5E5AEFC7EF}.Debug|x64.Build.0 = Debug|Any CPU
		{95A55725-97F0-43DA-8341-0C5E5AEFC7EF}.Debug|x86.ActiveCfg = Debug|Any CPU
		{95A55725-97F0-43DA-8341-0C5E5AEFC7EF}.Debug|x86.Build.0 = Debug|Any CPU
		{95A55725-97F0-43DA-8341-0C5E5AEFC7EF}.Release|Any CPU.ActiveCfg = Release|Any CPU
		{95A55725-97F0-43DA-8341-0C5E5AEFC7EF}.Release|Any CPU.Build.0 = Release|Any CPU
		{95A55725-97F0-43DA-8341-0C5E5AEFC7EF}.Release|x64.ActiveCfg = Release|Any CPU
		{95A55725-97F0-43DA-8341-0C5E5AEFC7EF}.Release|x64.Build.0 = Release|Any CPU
		{95A55725-97F0-43DA-8341-0C5E5AEFC7EF}.Release|x86.ActiveCfg = Release|Any CPU
		{95A55725-97F0-43DA-8341-0C5E5AEFC7EF}.Release|x86.Build.0 = Release|Any CPU
		{237AAA4C-F276-4465-99C2-5BDF86C0782A}.Debug|Any CPU.ActiveCfg = Debug|Any CPU
		{237AAA4C-F276-4465-99C2-5BDF86C0782A}.Debug|Any CPU.Build.0 = Debug|Any CPU
		{237AAA4C-F276-4465-99C2-5BDF86C0782A}.Debug|x64.ActiveCfg = Debug|Any CPU
		{237AAA4C-F276-4465-99C2-5BDF86C0782A}.Debug|x64.Build.0 = Debug|Any CPU
		{237AAA4C-F276-4465-99C2-5BDF86C0782A}.Debug|x86.ActiveCfg = Debug|Any CPU
		{237AAA4C-F276-4465-99C2-5BDF86C0782A}.Debug|x86.Build.0 = Debug|Any CPU
		{237AAA4C-F276-4465-99C2-5BDF86C0782A}.Release|Any CPU.ActiveCfg = Release|Any CPU
		{237AAA4C-F276-4465-99C2-5BDF86C0782A}.Release|Any CPU.Build.0 = Release|Any CPU
		{237AAA4C-F276-4465-99C2-5BDF86C0782A}.Release|x64.ActiveCfg = Release|Any CPU
		{237AAA4C-F276-4465-99C2-5BDF86C0782A}.Release|x64.Build.0 = Release|Any CPU
		{237AAA4C-F276-4465-99C2-5BDF86C0782A}.Release|x86.ActiveCfg = Release|Any CPU
		{237AAA4C-F276-4465-99C2-5BDF86C0782A}.Release|x86.Build.0 = Release|Any CPU
		{F935A89C-D26F-4615-AE2E-DA16F2CD8F07}.Debug|Any CPU.ActiveCfg = Debug|Any CPU
		{F935A89C-D26F-4615-AE2E-DA16F2CD8F07}.Debug|Any CPU.Build.0 = Debug|Any CPU
		{F935A89C-D26F-4615-AE2E-DA16F2CD8F07}.Debug|x64.ActiveCfg = Debug|Any CPU
		{F935A89C-D26F-4615-AE2E-DA16F2CD8F07}.Debug|x64.Build.0 = Debug|Any CPU
		{F935A89C-D26F-4615-AE2E-DA16F2CD8F07}.Debug|x86.ActiveCfg = Debug|Any CPU
		{F935A89C-D26F-4615-AE2E-DA16F2CD8F07}.Debug|x86.Build.0 = Debug|Any CPU
		{F935A89C-D26F-4615-AE2E-DA16F2CD8F07}.Release|Any CPU.ActiveCfg = Release|Any CPU
		{F935A89C-D26F-4615-AE2E-DA16F2CD8F07}.Release|Any CPU.Build.0 = Release|Any CPU
		{F935A89C-D26F-4615-AE2E-DA16F2CD8F07}.Release|x64.ActiveCfg = Release|Any CPU
		{F935A89C-D26F-4615-AE2E-DA16F2CD8F07}.Release|x64.Build.0 = Release|Any CPU
		{F935A89C-D26F-4615-AE2E-DA16F2CD8F07}.Release|x86.ActiveCfg = Release|Any CPU
		{F935A89C-D26F-4615-AE2E-DA16F2CD8F07}.Release|x86.Build.0 = Release|Any CPU
		{05CD3B0B-383C-447A-906B-80EF199B07C9}.Debug|Any CPU.ActiveCfg = Debug|Any CPU
		{05CD3B0B-383C-447A-906B-80EF199B07C9}.Debug|Any CPU.Build.0 = Debug|Any CPU
		{05CD3B0B-383C-447A-906B-80EF199B07C9}.Debug|x64.ActiveCfg = Debug|Any CPU
		{05CD3B0B-383C-447A-906B-80EF199B07C9}.Debug|x64.Build.0 = Debug|Any CPU
		{05CD3B0B-383C-447A-906B-80EF199B07C9}.Debug|x86.ActiveCfg = Debug|Any CPU
		{05CD3B0B-383C-447A-906B-80EF199B07C9}.Debug|x86.Build.0 = Debug|Any CPU
		{05CD3B0B-383C-447A-906B-80EF199B07C9}.Release|Any CPU.ActiveCfg = Release|Any CPU
		{05CD3B0B-383C-447A-906B-80EF199B07C9}.Release|Any CPU.Build.0 = Release|Any CPU
		{05CD3B0B-383C-447A-906B-80EF199B07C9}.Release|x64.ActiveCfg = Release|Any CPU
		{05CD3B0B-383C-447A-906B-80EF199B07C9}.Release|x64.Build.0 = Release|Any CPU
		{05CD3B0B-383C-447A-906B-80EF199B07C9}.Release|x86.ActiveCfg = Release|Any CPU
		{05CD3B0B-383C-447A-906B-80EF199B07C9}.Release|x86.Build.0 = Release|Any CPU
		{1208F82B-E213-4E17-9ADC-B51A47E0BA65}.Debug|Any CPU.ActiveCfg = Debug|Any CPU
		{1208F82B-E213-4E17-9ADC-B51A47E0BA65}.Debug|Any CPU.Build.0 = Debug|Any CPU
		{1208F82B-E213-4E17-9ADC-B51A47E0BA65}.Debug|x64.ActiveCfg = Debug|Any CPU
		{1208F82B-E213-4E17-9ADC-B51A47E0BA65}.Debug|x64.Build.0 = Debug|Any CPU
		{1208F82B-E213-4E17-9ADC-B51A47E0BA65}.Debug|x86.ActiveCfg = Debug|Any CPU
		{1208F82B-E213-4E17-9ADC-B51A47E0BA65}.Debug|x86.Build.0 = Debug|Any CPU
		{1208F82B-E213-4E17-9ADC-B51A47E0BA65}.Release|Any CPU.ActiveCfg = Release|Any CPU
		{1208F82B-E213-4E17-9ADC-B51A47E0BA65}.Release|Any CPU.Build.0 = Release|Any CPU
		{1208F82B-E213-4E17-9ADC-B51A47E0BA65}.Release|x64.ActiveCfg = Release|Any CPU
		{1208F82B-E213-4E17-9ADC-B51A47E0BA65}.Release|x64.Build.0 = Release|Any CPU
		{1208F82B-E213-4E17-9ADC-B51A47E0BA65}.Release|x86.ActiveCfg = Release|Any CPU
		{1208F82B-E213-4E17-9ADC-B51A47E0BA65}.Release|x86.Build.0 = Release|Any CPU
		{F1E93C23-512B-4272-B70A-9DE2D1383043}.Debug|Any CPU.ActiveCfg = Debug|Any CPU
		{F1E93C23-512B-4272-B70A-9DE2D1383043}.Debug|Any CPU.Build.0 = Debug|Any CPU
		{F1E93C23-512B-4272-B70A-9DE2D1383043}.Debug|x64.ActiveCfg = Debug|Any CPU
		{F1E93C23-512B-4272-B70A-9DE2D1383043}.Debug|x64.Build.0 = Debug|Any CPU
		{F1E93C23-512B-4272-B70A-9DE2D1383043}.Debug|x86.ActiveCfg = Debug|Any CPU
		{F1E93C23-512B-4272-B70A-9DE2D1383043}.Debug|x86.Build.0 = Debug|Any CPU
		{F1E93C23-512B-4272-B70A-9DE2D1383043}.Release|Any CPU.ActiveCfg = Release|Any CPU
		{F1E93C23-512B-4272-B70A-9DE2D1383043}.Release|Any CPU.Build.0 = Release|Any CPU
		{F1E93C23-512B-4272-B70A-9DE2D1383043}.Release|x64.ActiveCfg = Release|Any CPU
		{F1E93C23-512B-4272-B70A-9DE2D1383043}.Release|x64.Build.0 = Release|Any CPU
		{F1E93C23-512B-4272-B70A-9DE2D1383043}.Release|x86.ActiveCfg = Release|Any CPU
		{F1E93C23-512B-4272-B70A-9DE2D1383043}.Release|x86.Build.0 = Release|Any CPU
		{831C3B35-5589-433E-B0CC-DB84C20E4A91}.Debug|Any CPU.ActiveCfg = Debug|Any CPU
		{831C3B35-5589-433E-B0CC-DB84C20E4A91}.Debug|Any CPU.Build.0 = Debug|Any CPU
		{831C3B35-5589-433E-B0CC-DB84C20E4A91}.Debug|x64.ActiveCfg = Debug|Any CPU
		{831C3B35-5589-433E-B0CC-DB84C20E4A91}.Debug|x64.Build.0 = Debug|Any CPU
		{831C3B35-5589-433E-B0CC-DB84C20E4A91}.Debug|x86.ActiveCfg = Debug|Any CPU
		{831C3B35-5589-433E-B0CC-DB84C20E4A91}.Debug|x86.Build.0 = Debug|Any CPU
		{831C3B35-5589-433E-B0CC-DB84C20E4A91}.Release|Any CPU.ActiveCfg = Release|Any CPU
		{831C3B35-5589-433E-B0CC-DB84C20E4A91}.Release|Any CPU.Build.0 = Release|Any CPU
		{831C3B35-5589-433E-B0CC-DB84C20E4A91}.Release|x64.ActiveCfg = Release|Any CPU
		{831C3B35-5589-433E-B0CC-DB84C20E4A91}.Release|x64.Build.0 = Release|Any CPU
		{831C3B35-5589-433E-B0CC-DB84C20E4A91}.Release|x86.ActiveCfg = Release|Any CPU
		{831C3B35-5589-433E-B0CC-DB84C20E4A91}.Release|x86.Build.0 = Release|Any CPU
		{3198CDEF-8111-4618-BDE4-E70A54012793}.Debug|Any CPU.ActiveCfg = Debug|Any CPU
		{3198CDEF-8111-4618-BDE4-E70A54012793}.Debug|Any CPU.Build.0 = Debug|Any CPU
		{3198CDEF-8111-4618-BDE4-E70A54012793}.Debug|x64.ActiveCfg = Debug|Any CPU
		{3198CDEF-8111-4618-BDE4-E70A54012793}.Debug|x64.Build.0 = Debug|Any CPU
		{3198CDEF-8111-4618-BDE4-E70A54012793}.Debug|x86.ActiveCfg = Debug|Any CPU
		{3198CDEF-8111-4618-BDE4-E70A54012793}.Debug|x86.Build.0 = Debug|Any CPU
		{3198CDEF-8111-4618-BDE4-E70A54012793}.Release|Any CPU.ActiveCfg = Release|Any CPU
		{3198CDEF-8111-4618-BDE4-E70A54012793}.Release|Any CPU.Build.0 = Release|Any CPU
		{3198CDEF-8111-4618-BDE4-E70A54012793}.Release|x64.ActiveCfg = Release|Any CPU
		{3198CDEF-8111-4618-BDE4-E70A54012793}.Release|x64.Build.0 = Release|Any CPU
		{3198CDEF-8111-4618-BDE4-E70A54012793}.Release|x86.ActiveCfg = Release|Any CPU
		{3198CDEF-8111-4618-BDE4-E70A54012793}.Release|x86.Build.0 = Release|Any CPU
	EndGlobalSection
	GlobalSection(SolutionProperties) = preSolution
		HideSolutionNode = FALSE
	EndGlobalSection
	GlobalSection(NestedProjects) = preSolution
		{49A2D8C5-E126-44DD-8ABB-9BE157C414A0} = {827E0CD3-B72D-47B6-A68D-7590B98EB39B}
		{7E077EF6-30B6-47A8-98DA-57EE6B7F1707} = {827E0CD3-B72D-47B6-A68D-7590B98EB39B}
		{C06B30D9-DDE9-4AD6-8F57-F7583F5BCAF1} = {827E0CD3-B72D-47B6-A68D-7590B98EB39B}
		{A0B5366B-8F6B-4C0F-BC2A-3C6817E6B62A} = {827E0CD3-B72D-47B6-A68D-7590B98EB39B}
		{95A55725-97F0-43DA-8341-0C5E5AEFC7EF} = {827E0CD3-B72D-47B6-A68D-7590B98EB39B}
		{237AAA4C-F276-4465-99C2-5BDF86C0782A} = {827E0CD3-B72D-47B6-A68D-7590B98EB39B}
		{F935A89C-D26F-4615-AE2E-DA16F2CD8F07} = {0AB3BF05-4346-4AA6-1389-037BE0695223}
		{05CD3B0B-383C-447A-906B-80EF199B07C9} = {0AB3BF05-4346-4AA6-1389-037BE0695223}
		{1208F82B-E213-4E17-9ADC-B51A47E0BA65} = {0AB3BF05-4346-4AA6-1389-037BE0695223}
		{F1E93C23-512B-4272-B70A-9DE2D1383043} = {0AB3BF05-4346-4AA6-1389-037BE0695223}
		{831C3B35-5589-433E-B0CC-DB84C20E4A91} = {0AB3BF05-4346-4AA6-1389-037BE0695223}
		{3198CDEF-8111-4618-BDE4-E70A54012793} = {0AB3BF05-4346-4AA6-1389-037BE0695223}
	EndGlobalSection
EndGlobal
